
Microsoft Visual Studio Solution File, Format Version 12.00
# Visual Studio Version 16
VisualStudioVersion = 16.0.31112.23
MinimumVisualStudioVersion = 10.0.40219.1
Project("{FAE04EC0-301F-11D3-BF4B-00C04F79EFBC}") = "WhoIsBot", "WhoIsBot\WhoIsBot.csproj", "{A102904F-2775-402E-A1DC-33090BAC804C}"
EndProject
Global
	GlobalSection(SolutionConfigurationPlatforms) = preSolution
		Debug|Any CPU = Debug|Any CPU
		Release|Any CPU = Release|Any CPU
	EndGlobalSection
	GlobalSection(ProjectConfigurationPlatforms) = postSolution
		{A102904F-2775-402E-A1DC-33090BAC804C}.Debug|Any CPU.ActiveCfg = Debug|Any CPU
		{A102904F-2775-402E-A1DC-33090BAC804C}.Debug|Any CPU.Build.0 = Debug|Any CPU
		{A102904F-2775-402E-A1DC-33090BAC804C}.Release|Any CPU.ActiveCfg = Release|Any CPU
		{A102904F-2775-402E-A1DC-33090BAC804C}.Release|Any CPU.Build.0 = Release|Any CPU
	EndGlobalSection
	GlobalSection(SolutionProperties) = preSolution
		HideSolutionNode = FALSE
	EndGlobalSection
	GlobalSection(ExtensibilityGlobals) = postSolution
		SolutionGuid = {DC8403E8-37DD-43AF-A5B5-684031FE27CB}
	EndGlobalSection
EndGlobal
