
Microsoft Visual Studio Solution File, Format Version 12.00
# Visual Studio Version 16
VisualStudioVersion = 16.0.31112.23
MinimumVisualStudioVersion = 10.0.40219.1
Project("{E53339B2-1760-4266-BCC7-CA923CBCF16C}") = "docker-compose", "docker-compose.dcproj", "{AD86C728-93A6-4984-8658-A2DE309DE22F}"
EndProject
Project("{FAE04EC0-301F-11D3-BF4B-00C04F79EFBC}") = "TinfWhoIs.Core", "TinfWhoIs.Core\TinfWhoIs.Core.csproj", "{DDD0EC90-84B3-4E12-855B-61D6001CD6ED}"
EndProject
Project("{FAE04EC0-301F-11D3-BF4B-00C04F79EFBC}") = "TinfWhoIs.Tests", "TinfWhoIs.Tests\TinfWhoIs.Tests.csproj", "{B8B6AF59-3631-4B75-8D5D-D9390DA13EEA}"
EndProject
Project("{FAE04EC0-301F-11D3-BF4B-00C04F79EFBC}") = "TinfWhoIs.Models", "TinfWhoIs.Models\TinfWhoIs.Models.csproj", "{A2D24D74-759A-4705-9DF5-72EF6E273B31}"
EndProject
Project("{FAE04EC0-301F-11D3-BF4B-00C04F79EFBC}") = "TinfWhoIs.DiscordBot", "TinfWhoIs.DiscordBot\TinfWhoIs.DiscordBot.csproj", "{D96373D0-96B4-4CE8-87AC-0A66C075798F}"
EndProject
Global
	GlobalSection(SolutionConfigurationPlatforms) = preSolution
		Debug|Any CPU = Debug|Any CPU
		Release|Any CPU = Release|Any CPU
	EndGlobalSection
	GlobalSection(ProjectConfigurationPlatforms) = postSolution
		{AD86C728-93A6-4984-8658-A2DE309DE22F}.Debug|Any CPU.ActiveCfg = Debug|Any CPU
		{AD86C728-93A6-4984-8658-A2DE309DE22F}.Debug|Any CPU.Build.0 = Debug|Any CPU
		{AD86C728-93A6-4984-8658-A2DE309DE22F}.Release|Any CPU.ActiveCfg = Release|Any CPU
		{AD86C728-93A6-4984-8658-A2DE309DE22F}.Release|Any CPU.Build.0 = Release|Any CPU
		{DDD0EC90-84B3-4E12-855B-61D6001CD6ED}.Debug|Any CPU.ActiveCfg = Debug|Any CPU
		{DDD0EC90-84B3-4E12-855B-61D6001CD6ED}.Debug|Any CPU.Build.0 = Debug|Any CPU
		{DDD0EC90-84B3-4E12-855B-61D6001CD6ED}.Release|Any CPU.ActiveCfg = Release|Any CPU
		{DDD0EC90-84B3-4E12-855B-61D6001CD6ED}.Release|Any CPU.Build.0 = Release|Any CPU
		{B8B6AF59-3631-4B75-8D5D-D9390DA13EEA}.Debug|Any CPU.ActiveCfg = Debug|Any CPU
		{B8B6AF59-3631-4B75-8D5D-D9390DA13EEA}.Debug|Any CPU.Build.0 = Debug|Any CPU
		{B8B6AF59-3631-4B75-8D5D-D9390DA13EEA}.Release|Any CPU.ActiveCfg = Release|Any CPU
		{B8B6AF59-3631-4B75-8D5D-D9390DA13EEA}.Release|Any CPU.Build.0 = Release|Any CPU
		{A2D24D74-759A-4705-9DF5-72EF6E273B31}.Debug|Any CPU.ActiveCfg = Debug|Any CPU
		{A2D24D74-759A-4705-9DF5-72EF6E273B31}.Debug|Any CPU.Build.0 = Debug|Any CPU
		{A2D24D74-759A-4705-9DF5-72EF6E273B31}.Release|Any CPU.ActiveCfg = Release|Any CPU
		{A2D24D74-759A-4705-9DF5-72EF6E273B31}.Release|Any CPU.Build.0 = Release|Any CPU
		{D96373D0-96B4-4CE8-87AC-0A66C075798F}.Debug|Any CPU.ActiveCfg = Debug|Any CPU
		{D96373D0-96B4-4CE8-87AC-0A66C075798F}.Debug|Any CPU.Build.0 = Debug|Any CPU
		{D96373D0-96B4-4CE8-87AC-0A66C075798F}.Release|Any CPU.ActiveCfg = Release|Any CPU
		{D96373D0-96B4-4CE8-87AC-0A66C075798F}.Release|Any CPU.Build.0 = Release|Any CPU
	EndGlobalSection
	GlobalSection(SolutionProperties) = preSolution
		HideSolutionNode = FALSE
	EndGlobalSection
	GlobalSection(ExtensibilityGlobals) = postSolution
		SolutionGuid = {DC8403E8-37DD-43AF-A5B5-684031FE27CB}
	EndGlobalSection
EndGlobal
